// !$*UTF8*$!
{
	archiveVersion = 1;
	classes = {
	};
	objectVersion = 56;
	objects = {

/* Begin PBXBuildFile section */
		0A5D8BAAE4529C8A486D5CB1 /* AppearanceSettingsView.swift in Sources */ = {isa = PBXBuildFile; fileRef = BFECD95730D4117F635F4525 /* AppearanceSettingsView.swift */; };
		208C00901227259EA1F986A4 /* HotkeyManager.swift in Sources */ = {isa = PBXBuildFile; fileRef = CA881FB3C88262497EC1428C /* HotkeyManager.swift */; };
		2AA943BF4E8CEB647DADDCA4 /* ShortcutsSettingsView.swift in Sources */ = {isa = PBXBuildFile; fileRef = 3DB06BE2CEA6060FF2C6D8C7 /* ShortcutsSettingsView.swift */; };
		7AC1E2D30F20CBDAB3E3DE36 /* AuthState.swift in Sources */ = {isa = PBXBuildFile; fileRef = 98C1E2D341E261881D79D5F8 /* AuthState.swift */; };
		7BD2E3F40A1B2C3D4E5F6A7B /* DomainProbeService.swift in Sources */ = {isa = PBXBuildFile; fileRef = 8B2D3E4F0A1B2C3D4E5F6A7B /* DomainProbeService.swift */; };
		ADF280A8EA9B09F639692AA8 /* InlineErrorBanner.swift in Sources */ = {isa = PBXBuildFile; fileRef = C6E7EDF2E5D597CCDA971023 /* InlineErrorBanner.swift */; };
		715C7039A3DC40F0ACB9F715 /* LockoutCountdownView.swift in Sources */ = {isa = PBXBuildFile; fileRef = 97746327155942608151D4AE /* LockoutCountdownView.swift */; };
		A82B785403C9444A8848EE4A /* WorkspaceHeaderRow.swift in Sources */ = {isa = PBXBuildFile; fileRef = B1B1B5B1B7ED40E38ACC7619 /* WorkspaceHeaderRow.swift */; };
		9A7FD628CF8837DB00BCBBFC /* AuthDomainStepView.swift in Sources */ = {isa = PBXBuildFile; fileRef = 2E93FB5FD18A0FD82CF4EB59 /* AuthDomainStepView.swift */; };
		7ACCEEAD0F20CBDAB3E3DE36 /* SettingsSection.swift in Sources */ = {isa = PBXBuildFile; fileRef = 98C8CF8C41E261881D79D5F8 /* SettingsSection.swift */; };
		7D14680480A40D1B04E3132B /* AboutView.swift in Sources */ = {isa = PBXBuildFile; fileRef = 1D9A74F26D72DF02C69A4795 /* AboutView.swift */; };
		8739F1D5F3EB5E1351BD4608 /* SettingsExporter.swift in Sources */ = {isa = PBXBuildFile; fileRef = AAECE12E74838A6114288FB4 /* SettingsExporter.swift */; };
		89E3BB1FBD7E9BB38B68CB62 /* NotificationsSettingsView.swift in Sources */ = {isa = PBXBuildFile; fileRef = EA0C79DB212102A83657D543 /* NotificationsSettingsView.swift */; };
		8C6BE38840E49591E23A6335 /* StorageSettingsView.swift in Sources */ = {isa = PBXBuildFile; fileRef = ABEFD3F002AF5970575EE6EB /* StorageSettingsView.swift */; };
		A345707AF6425C6E2F1247DC /* SettingsSearchIndex.swift in Sources */ = {isa = PBXBuildFile; fileRef = 2AC0443720F33CCB46B17D99 /* SettingsSearchIndex.swift */; };
		A38424CB7FCA1693E6B1DD29 /* SyncSettingsView.swift in Sources */ = {isa = PBXBuildFile; fileRef = CFF14662E0A883FB2E5BAE4F /* SyncSettingsView.swift */; };
		AA000001 /* MegaplanMenuBarApp.swift in Sources */ = {isa = PBXBuildFile; fileRef = AA000010 /* MegaplanMenuBarApp.swift */; };
		AA000002 /* AppState.swift in Sources */ = {isa = PBXBuildFile; fileRef = AA000011 /* AppState.swift */; };
		AA000003 /* MegaplanCredentials.swift in Sources */ = {isa = PBXBuildFile; fileRef = AA000012 /* MegaplanCredentials.swift */; };
		AA000004 /* MegaplanNotification.swift in Sources */ = {isa = PBXBuildFile; fileRef = AA000013 /* MegaplanNotification.swift */; };
		AA000005 /* KeychainManager.swift in Sources */ = {isa = PBXBuildFile; fileRef = AA000014 /* KeychainManager.swift */; };
		AA000006 /* MegaplanAPI.swift in Sources */ = {isa = PBXBuildFile; fileRef = AA000015 /* MegaplanAPI.swift */; };
		AA000007 /* Constants.swift in Sources */ = {isa = PBXBuildFile; fileRef = AA000016 /* Constants.swift */; };
		AA000008 /* NetworkError.swift in Sources */ = {isa = PBXBuildFile; fileRef = AA000017 /* NetworkError.swift */; };
		AA000009 /* AuthView.swift in Sources */ = {isa = PBXBuildFile; fileRef = AA000018 /* AuthView.swift */; };
		AA00000A /* NotificationListView.swift in Sources */ = {isa = PBXBuildFile; fileRef = AA000019 /* NotificationListView.swift */; };
		AA00000B /* SettingsView.swift in Sources */ = {isa = PBXBuildFile; fileRef = AA00001A /* SettingsView.swift */; };
		AA00000D /* Localizable.strings in Resources */ = {isa = PBXBuildFile; fileRef = AA00001C /* Localizable.strings */; };
		AA00000E /* Localizable.strings in Resources */ = {isa = PBXBuildFile; fileRef = AA00001D /* Localizable.strings */; };
		AA000030 /* StringExtensions.swift in Sources */ = {isa = PBXBuildFile; fileRef = AA00002A /* StringExtensions.swift */; };
		B1F05B6A4F20A3DDC7F9DE4D /* RefreshIntervalSlider.swift in Sources */ = {isa = PBXBuildFile; fileRef = 78F0B4899120F519F2910A31 /* RefreshIntervalSlider.swift */; };
		BB000020 /* MegaplanTask.swift in Sources */ = {isa = PBXBuildFile; fileRef = BB000010 /* MegaplanTask.swift */; };
		BB000021 /* TaskDTO.swift in Sources */ = {isa = PBXBuildFile; fileRef = BB000011 /* TaskDTO.swift */; };
		BB000022 /* MegaplanTaskFilterBuilder.swift in Sources */ = {isa = PBXBuildFile; fileRef = BB000012 /* MegaplanTaskFilterBuilder.swift */; };
		BB000023 /* MegaplanAPI+Tasks.swift in Sources */ = {isa = PBXBuildFile; fileRef = BB000013 /* MegaplanAPI+Tasks.swift */; };
		BB000024 /* TaskListViewModel.swift in Sources */ = {isa = PBXBuildFile; fileRef = BB000014 /* TaskListViewModel.swift */; };
		BB000025 /* RootPopoverView.swift in Sources */ = {isa = PBXBuildFile; fileRef = BB000015 /* RootPopoverView.swift */; };
		BB000026 /* TaskListView.swift in Sources */ = {isa = PBXBuildFile; fileRef = BB000016 /* TaskListView.swift */; };
		BB000027 /* PopoverHeaderView.swift in Sources */ = {isa = PBXBuildFile; fileRef = BB000017 /* PopoverHeaderView.swift */; };
		BB000028 /* TaskRow.swift in Sources */ = {isa = PBXBuildFile; fileRef = BB000018 /* TaskRow.swift */; };
		BB000029 /* DateFormatters.swift in Sources */ = {isa = PBXBuildFile; fileRef = BB000019 /* DateFormatters.swift */; };
		BB00002A /* UserInfoResolver.swift in Sources */ = {isa = PBXBuildFile; fileRef = BB00001A /* UserInfoResolver.swift */; };
		BB00002B /* EntityCardRow.swift in Sources */ = {isa = PBXBuildFile; fileRef = BB00001B /* EntityCardRow.swift */; };
		BB00002C /* Pluralization.swift in Sources */ = {isa = PBXBuildFile; fileRef = BB00001C /* Pluralization.swift */; };
		BB00002D /* MegaplanComment.swift in Sources */ = {isa = PBXBuildFile; fileRef = BB00001D /* MegaplanComment.swift */; };
		BB00002E /* MarkdownCommentExporter.swift in Sources */ = {isa = PBXBuildFile; fileRef = BB00001E /* MarkdownCommentExporter.swift */; };
		BE06E01365A3E32604C66A2C /* LivePreviewCard.swift in Sources */ = {isa = PBXBuildFile; fileRef = 4D07A7812F9E213FC48CA77E /* LivePreviewCard.swift */; };
		C23AC9BC2F0E7FCA001FD92E /* EmptyStateView.swift in Sources */ = {isa = PBXBuildFile; fileRef = C23AC9B92F0E7FCA001FD92E /* EmptyStateView.swift */; };
		C23AC9BD2F0E7FCA001FD92E /* ToastView.swift in Sources */ = {isa = PBXBuildFile; fileRef = C23AC9BB2F0E7FCA001FD92E /* ToastView.swift */; };
		C23AC9BE2F0E7FCA001FD92E /* OfflineBannerView.swift in Sources */ = {isa = PBXBuildFile; fileRef = C23AC9BA2F0E7FCA001FD92E /* OfflineBannerView.swift */; };
		C23E0D3C2EACCBE4007DD134 /* HTMLCleaner.swift in Sources */ = {isa = PBXBuildFile; fileRef = C23E0D3A2EACCBE4007DD134 /* HTMLCleaner.swift */; };
		C23E0D3D2EACCBE4007DD135 /* APILogger.swift in Sources */ = {isa = PBXBuildFile; fileRef = C23E0D3B2EACCBE4007DD135 /* APILogger.swift */; };
		C25379142EAD82D4009552B4 /* Assets.xcassets in Resources */ = {isa = PBXBuildFile; fileRef = C25379132EAD82D4009552B4 /* Assets.xcassets */; };
		C262F85A2EBA978C00CDE7A0 /* AvatarCacheManager.swift in Sources */ = {isa = PBXBuildFile; fileRef = C262F8592EBA978C00CDE7A0 /* AvatarCacheManager.swift */; };
		C262F85D2EBAA49700CDE7A0 /* NotificationParser.swift in Sources */ = {isa = PBXBuildFile; fileRef = C262F85B2EBAA49700CDE7A0 /* NotificationParser.swift */; };
		C262F85E2EBAA49700CDE7A0 /* UserInfoCache.swift in Sources */ = {isa = PBXBuildFile; fileRef = C262F85C2EBAA49700CDE7A0 /* UserInfoCache.swift */; };
		C281F0F42EACED2F00B88503 /* SettingsWindowManager.swift in Sources */ = {isa = PBXBuildFile; fileRef = C281F0F32EACED2F00B88503 /* SettingsWindowManager.swift */; };
		C2A29C67CFCA3D402F7AAD14 /* CacheStatsRow.swift in Sources */ = {isa = PBXBuildFile; fileRef = 9A211A7B5E5BBFA23C56CBE7 /* CacheStatsRow.swift */; };
		C2AA00012EC50001004AEF47 /* AsyncSemaphore.swift in Sources */ = {isa = PBXBuildFile; fileRef = C2AA00022EC50002004AEF47 /* AsyncSemaphore.swift */; };
		C2EE49242EC3D1D1004AEF47 /* NotificationManager.swift in Sources */ = {isa = PBXBuildFile; fileRef = C2EE49232EC3D1D1004AEF47 /* NotificationManager.swift */; };
		C2EE49252EC3D1D1004AEF47 /* ErrorRecoveryService.swift in Sources */ = {isa = PBXBuildFile; fileRef = C2EE49222EC3D1D1004AEF47 /* ErrorRecoveryService.swift */; };
		C2EE49262F100001004AEF47 /* StatusBarController.swift in Sources */ = {isa = PBXBuildFile; fileRef = C2EE49252F100001004AEF47 /* StatusBarController.swift */; };
		C2EE49272EC3D1E3004AEF47 /* NotificationGrouper.swift in Sources */ = {isa = PBXBuildFile; fileRef = C2EE49262EC3D1E3004AEF47 /* NotificationGrouper.swift */; };
		C2EE492E2EC3D205004AEF47 /* NotificationListViewModel.swift in Sources */ = {isa = PBXBuildFile; fileRef = C2EE49292EC3D205004AEF47 /* NotificationListViewModel.swift */; };
		C2EE49322EC3D21F004AEF47 /* LoadingStateView.swift in Sources */ = {isa = PBXBuildFile; fileRef = C2EE492F2EC3D21F004AEF47 /* LoadingStateView.swift */; };
		C2EE49332EC3D21F004AEF47 /* SkeletonView.swift in Sources */ = {isa = PBXBuildFile; fileRef = C2EE49302EC3D21F004AEF47 /* SkeletonView.swift */; };
		C2FF00022F559001001FD92E /* CertificatePinning.swift in Sources */ = {isa = PBXBuildFile; fileRef = C2FF00012F559001001FD92E /* CertificatePinning.swift */; };
		C2FF00042F559001001FD92E /* NotificationDTO.swift in Sources */ = {isa = PBXBuildFile; fileRef = C2FF00032F559001001FD92E /* NotificationDTO.swift */; };
		C2FF00062F559001001FD92E /* URLValidator.swift in Sources */ = {isa = PBXBuildFile; fileRef = C2FF00052F559001001FD92E /* URLValidator.swift */; };
		CC81A6B8FBEA5D47F5BB4B72 /* AccountSettingsView.swift in Sources */ = {isa = PBXBuildFile; fileRef = CA55AA33EF9474EBB89A98BE /* AccountSettingsView.swift */; };
		F466E3045C84824C45D7BF1C /* AccountCard.swift in Sources */ = {isa = PBXBuildFile; fileRef = 7CC9D9A77F2E44D71FF5FFD8 /* AccountCard.swift */; };
		F8B705C905DF866831133302 /* ShortcutRecorderRow.swift in Sources */ = {isa = PBXBuildFile; fileRef = 79D7EA83467C10A676111BE5 /* ShortcutRecorderRow.swift */; };
/* End PBXBuildFile section */

/* Begin PBXFileReference section */
		1D9A74F26D72DF02C69A4795 /* AboutView.swift */ = {isa = PBXFileReference; includeInIndex = 1; lastKnownFileType = sourcecode.swift; path = AboutView.swift; sourceTree = "<group>"; };
		2AC0443720F33CCB46B17D99 /* SettingsSearchIndex.swift */ = {isa = PBXFileReference; includeInIndex = 1; lastKnownFileType = sourcecode.swift; path = SettingsSearchIndex.swift; sourceTree = "<group>"; };
		3DB06BE2CEA6060FF2C6D8C7 /* ShortcutsSettingsView.swift */ = {isa = PBXFileReference; includeInIndex = 1; lastKnownFileType = sourcecode.swift; path = ShortcutsSettingsView.swift; sourceTree = "<group>"; };
		4D07A7812F9E213FC48CA77E /* LivePreviewCard.swift */ = {isa = PBXFileReference; includeInIndex = 1; lastKnownFileType = sourcecode.swift; path = LivePreviewCard.swift; sourceTree = "<group>"; };
		78F0B4899120F519F2910A31 /* RefreshIntervalSlider.swift */ = {isa = PBXFileReference; includeInIndex = 1; lastKnownFileType = sourcecode.swift; path = RefreshIntervalSlider.swift; sourceTree = "<group>"; };
		79D7EA83467C10A676111BE5 /* ShortcutRecorderRow.swift */ = {isa = PBXFileReference; includeInIndex = 1; lastKnownFileType = sourcecode.swift; path = ShortcutRecorderRow.swift; sourceTree = "<group>"; };
		7CC9D9A77F2E44D71FF5FFD8 /* AccountCard.swift */ = {isa = PBXFileReference; includeInIndex = 1; lastKnownFileType = sourcecode.swift; path = AccountCard.swift; sourceTree = "<group>"; };
		98C1E2D341E261881D79D5F8 /* AuthState.swift */ = {isa = PBXFileReference; includeInIndex = 1; lastKnownFileType = sourcecode.swift; path = AuthState.swift; sourceTree = "<group>"; };
		8B2D3E4F0A1B2C3D4E5F6A7B /* DomainProbeService.swift */ = {isa = PBXFileReference; includeInIndex = 1; lastKnownFileType = sourcecode.swift; path = DomainProbeService.swift; sourceTree = "<group>"; };
		C6E7EDF2E5D597CCDA971023 /* InlineErrorBanner.swift */ = {isa = PBXFileReference; lastKnownFileType = sourcecode.swift; path = InlineErrorBanner.swift; sourceTree = "<group>"; };
		97746327155942608151D4AE /* LockoutCountdownView.swift */ = {isa = PBXFileReference; lastKnownFileType = sourcecode.swift; path = LockoutCountdownView.swift; sourceTree = "<group>"; };
		B1B1B5B1B7ED40E38ACC7619 /* WorkspaceHeaderRow.swift */ = {isa = PBXFileReference; lastKnownFileType = sourcecode.swift; path = WorkspaceHeaderRow.swift; sourceTree = "<group>"; };
		2E93FB5FD18A0FD82CF4EB59 /* AuthDomainStepView.swift */ = {isa = PBXFileReference; lastKnownFileType = sourcecode.swift; path = AuthDomainStepView.swift; sourceTree = "<group>"; };
		98C8CF8C41E261881D79D5F8 /* SettingsSection.swift */ = {isa = PBXFileReference; includeInIndex = 1; lastKnownFileType = sourcecode.swift; path = SettingsSection.swift; sourceTree = "<group>"; };
		9A211A7B5E5BBFA23C56CBE7 /* CacheStatsRow.swift */ = {isa = PBXFileReference; includeInIndex = 1; lastKnownFileType = sourcecode.swift; path = CacheStatsRow.swift; sourceTree = "<group>"; };
		AA00000F /* MegaplanHepler.app */ = {isa = PBXFileReference; explicitFileType = wrapper.application; includeInIndex = 0; path = MegaplanHepler.app; sourceTree = BUILT_PRODUCTS_DIR; };
		AA000010 /* MegaplanMenuBarApp.swift */ = {isa = PBXFileReference; lastKnownFileType = sourcecode.swift; path = MegaplanMenuBarApp.swift; sourceTree = "<group>"; };
		AA000011 /* AppState.swift */ = {isa = PBXFileReference; lastKnownFileType = sourcecode.swift; path = AppState.swift; sourceTree = "<group>"; };
		AA000012 /* MegaplanCredentials.swift */ = {isa = PBXFileReference; lastKnownFileType = sourcecode.swift; path = MegaplanCredentials.swift; sourceTree = "<group>"; };
		AA000013 /* MegaplanNotification.swift */ = {isa = PBXFileReference; lastKnownFileType = sourcecode.swift; path = MegaplanNotification.swift; sourceTree = "<group>"; };
		AA000014 /* KeychainManager.swift */ = {isa = PBXFileReference; lastKnownFileType = sourcecode.swift; path = KeychainManager.swift; sourceTree = "<group>"; };
		AA000015 /* MegaplanAPI.swift */ = {isa = PBXFileReference; lastKnownFileType = sourcecode.swift; path = MegaplanAPI.swift; sourceTree = "<group>"; };
		AA000016 /* Constants.swift */ = {isa = PBXFileReference; lastKnownFileType = sourcecode.swift; path = Constants.swift; sourceTree = "<group>"; };
		AA000017 /* NetworkError.swift */ = {isa = PBXFileReference; lastKnownFileType = sourcecode.swift; path = NetworkError.swift; sourceTree = "<group>"; };
		AA000018 /* AuthView.swift */ = {isa = PBXFileReference; lastKnownFileType = sourcecode.swift; path = AuthView.swift; sourceTree = "<group>"; };
		AA000019 /* NotificationListView.swift */ = {isa = PBXFileReference; indentWidth = 4; lastKnownFileType = sourcecode.swift; path = NotificationListView.swift; sourceTree = "<group>"; usesTabs = 0; };
		AA00001A /* SettingsView.swift */ = {isa = PBXFileReference; lastKnownFileType = sourcecode.swift; path = SettingsView.swift; sourceTree = "<group>"; };
		AA00001C /* Localizable.strings */ = {isa = PBXFileReference; lastKnownFileType = text.plist.strings; path = Localizable.strings; sourceTree = "<group>"; };
		AA00001D /* Localizable.strings */ = {isa = PBXFileReference; lastKnownFileType = text.plist.strings; path = Localizable.strings; sourceTree = "<group>"; };
		AA00002A /* StringExtensions.swift */ = {isa = PBXFileReference; lastKnownFileType = sourcecode.swift; path = StringExtensions.swift; sourceTree = "<group>"; };
		AAECE12E74838A6114288FB4 /* SettingsExporter.swift */ = {isa = PBXFileReference; includeInIndex = 1; lastKnownFileType = sourcecode.swift; path = SettingsExporter.swift; sourceTree = "<group>"; };
		ABEFD3F002AF5970575EE6EB /* StorageSettingsView.swift */ = {isa = PBXFileReference; includeInIndex = 1; lastKnownFileType = sourcecode.swift; path = StorageSettingsView.swift; sourceTree = "<group>"; };
		BB000010 /* MegaplanTask.swift */ = {isa = PBXFileReference; lastKnownFileType = sourcecode.swift; path = MegaplanTask.swift; sourceTree = "<group>"; };
		BB000011 /* TaskDTO.swift */ = {isa = PBXFileReference; lastKnownFileType = sourcecode.swift; path = TaskDTO.swift; sourceTree = "<group>"; };
		BB000012 /* MegaplanTaskFilterBuilder.swift */ = {isa = PBXFileReference; lastKnownFileType = sourcecode.swift; path = MegaplanTaskFilterBuilder.swift; sourceTree = "<group>"; };
		BB000013 /* MegaplanAPI+Tasks.swift */ = {isa = PBXFileReference; lastKnownFileType = sourcecode.swift; path = "MegaplanAPI+Tasks.swift"; sourceTree = "<group>"; };
		BB000014 /* TaskListViewModel.swift */ = {isa = PBXFileReference; lastKnownFileType = sourcecode.swift; path = TaskListViewModel.swift; sourceTree = "<group>"; };
		BB000015 /* RootPopoverView.swift */ = {isa = PBXFileReference; lastKnownFileType = sourcecode.swift; path = RootPopoverView.swift; sourceTree = "<group>"; };
		BB000016 /* TaskListView.swift */ = {isa = PBXFileReference; lastKnownFileType = sourcecode.swift; path = TaskListView.swift; sourceTree = "<group>"; };
		BB000017 /* PopoverHeaderView.swift */ = {isa = PBXFileReference; lastKnownFileType = sourcecode.swift; path = PopoverHeaderView.swift; sourceTree = "<group>"; };
		BB000018 /* TaskRow.swift */ = {isa = PBXFileReference; lastKnownFileType = sourcecode.swift; path = TaskRow.swift; sourceTree = "<group>"; };
		BB000019 /* DateFormatters.swift */ = {isa = PBXFileReference; lastKnownFileType = sourcecode.swift; path = DateFormatters.swift; sourceTree = "<group>"; };
		BB00001A /* UserInfoResolver.swift */ = {isa = PBXFileReference; lastKnownFileType = sourcecode.swift; path = UserInfoResolver.swift; sourceTree = "<group>"; };
		BB00001B /* EntityCardRow.swift */ = {isa = PBXFileReference; lastKnownFileType = sourcecode.swift; path = EntityCardRow.swift; sourceTree = "<group>"; };
		BB00001C /* Pluralization.swift */ = {isa = PBXFileReference; lastKnownFileType = sourcecode.swift; path = Pluralization.swift; sourceTree = "<group>"; };
		BB00001D /* MegaplanComment.swift */ = {isa = PBXFileReference; lastKnownFileType = sourcecode.swift; path = MegaplanComment.swift; sourceTree = "<group>"; };
		BB00001E /* MarkdownCommentExporter.swift */ = {isa = PBXFileReference; lastKnownFileType = sourcecode.swift; path = MarkdownCommentExporter.swift; sourceTree = "<group>"; };
		BFECD95730D4117F635F4525 /* AppearanceSettingsView.swift */ = {isa = PBXFileReference; includeInIndex = 1; lastKnownFileType = sourcecode.swift; path = AppearanceSettingsView.swift; sourceTree = "<group>"; };
		C23AC9B92F0E7FCA001FD92E /* EmptyStateView.swift */ = {isa = PBXFileReference; lastKnownFileType = sourcecode.swift; path = EmptyStateView.swift; sourceTree = "<group>"; };
		C23AC9BA2F0E7FCA001FD92E /* OfflineBannerView.swift */ = {isa = PBXFileReference; lastKnownFileType = sourcecode.swift; path = OfflineBannerView.swift; sourceTree = "<group>"; };
		C23AC9BB2F0E7FCA001FD92E /* ToastView.swift */ = {isa = PBXFileReference; lastKnownFileType = sourcecode.swift; path = ToastView.swift; sourceTree = "<group>"; };
		C23E0D3A2EACCBE4007DD134 /* HTMLCleaner.swift */ = {isa = PBXFileReference; lastKnownFileType = sourcecode.swift; path = HTMLCleaner.swift; sourceTree = "<group>"; };
		C23E0D3B2EACCBE4007DD135 /* APILogger.swift */ = {isa = PBXFileReference; lastKnownFileType = sourcecode.swift; path = APILogger.swift; sourceTree = "<group>"; };
		C25379132EAD82D4009552B4 /* Assets.xcassets */ = {isa = PBXFileReference; lastKnownFileType = folder.assetcatalog; path = Assets.xcassets; sourceTree = "<group>"; };
		C262F8592EBA978C00CDE7A0 /* AvatarCacheManager.swift */ = {isa = PBXFileReference; lastKnownFileType = sourcecode.swift; path = AvatarCacheManager.swift; sourceTree = "<group>"; };
		C262F85B2EBAA49700CDE7A0 /* NotificationParser.swift */ = {isa = PBXFileReference; lastKnownFileType = sourcecode.swift; path = NotificationParser.swift; sourceTree = "<group>"; };
		C262F85C2EBAA49700CDE7A0 /* UserInfoCache.swift */ = {isa = PBXFileReference; lastKnownFileType = sourcecode.swift; path = UserInfoCache.swift; sourceTree = "<group>"; };
		C281F0F32EACED2F00B88503 /* SettingsWindowManager.swift */ = {isa = PBXFileReference; lastKnownFileType = sourcecode.swift; path = SettingsWindowManager.swift; sourceTree = "<group>"; };
		C2AA00022EC50002004AEF47 /* AsyncSemaphore.swift */ = {isa = PBXFileReference; lastKnownFileType = sourcecode.swift; path = AsyncSemaphore.swift; sourceTree = "<group>"; };
		C2EE49222EC3D1D1004AEF47 /* ErrorRecoveryService.swift */ = {isa = PBXFileReference; lastKnownFileType = sourcecode.swift; path = ErrorRecoveryService.swift; sourceTree = "<group>"; };
		C2EE49232EC3D1D1004AEF47 /* NotificationManager.swift */ = {isa = PBXFileReference; lastKnownFileType = sourcecode.swift; path = NotificationManager.swift; sourceTree = "<group>"; };
		C2EE49252F100001004AEF47 /* StatusBarController.swift */ = {isa = PBXFileReference; lastKnownFileType = sourcecode.swift; path = StatusBarController.swift; sourceTree = "<group>"; };
		C2EE49262EC3D1E3004AEF47 /* NotificationGrouper.swift */ = {isa = PBXFileReference; lastKnownFileType = sourcecode.swift; path = NotificationGrouper.swift; sourceTree = "<group>"; };
		C2EE49292EC3D205004AEF47 /* NotificationListViewModel.swift */ = {isa = PBXFileReference; lastKnownFileType = sourcecode.swift; path = NotificationListViewModel.swift; sourceTree = "<group>"; };
		C2EE492F2EC3D21F004AEF47 /* LoadingStateView.swift */ = {isa = PBXFileReference; lastKnownFileType = sourcecode.swift; path = LoadingStateView.swift; sourceTree = "<group>"; };
		C2EE49302EC3D21F004AEF47 /* SkeletonView.swift */ = {isa = PBXFileReference; lastKnownFileType = sourcecode.swift; path = SkeletonView.swift; sourceTree = "<group>"; };
		C2FF00012F559001001FD92E /* CertificatePinning.swift */ = {isa = PBXFileReference; lastKnownFileType = sourcecode.swift; path = CertificatePinning.swift; sourceTree = "<group>"; };
		C2FF00032F559001001FD92E /* NotificationDTO.swift */ = {isa = PBXFileReference; lastKnownFileType = sourcecode.swift; path = NotificationDTO.swift; sourceTree = "<group>"; };
		C2FF00052F559001001FD92E /* URLValidator.swift */ = {isa = PBXFileReference; lastKnownFileType = sourcecode.swift; path = URLValidator.swift; sourceTree = "<group>"; };
		CA55AA33EF9474EBB89A98BE /* AccountSettingsView.swift */ = {isa = PBXFileReference; includeInIndex = 1; lastKnownFileType = sourcecode.swift; path = AccountSettingsView.swift; sourceTree = "<group>"; };
		CA881FB3C88262497EC1428C /* HotkeyManager.swift */ = {isa = PBXFileReference; includeInIndex = 1; lastKnownFileType = sourcecode.swift; path = HotkeyManager.swift; sourceTree = "<group>"; };
		CFF14662E0A883FB2E5BAE4F /* SyncSettingsView.swift */ = {isa = PBXFileReference; includeInIndex = 1; lastKnownFileType = sourcecode.swift; path = SyncSettingsView.swift; sourceTree = "<group>"; };
		EA0C79DB212102A83657D543 /* NotificationsSettingsView.swift */ = {isa = PBXFileReference; includeInIndex = 1; lastKnownFileType = sourcecode.swift; path = NotificationsSettingsView.swift; sourceTree = "<group>"; };
/* End PBXFileReference section */

/* Begin PBXFrameworksBuildPhase section */
		AA00001E /* Frameworks */ = {
			isa = PBXFrameworksBuildPhase;
			buildActionMask = 2147483647;
			files = (
			);
			runOnlyForDeploymentPostprocessing = 0;
		};
/* End PBXFrameworksBuildPhase section */

/* Begin PBXGroup section */
		1293AA6D585B519680DE7283 /* Views */ = {
			isa = PBXGroup;
			children = (
				FF3D72BE03FCD638D11C0BC9 /* Settings */,
			);
			name = Views;
			path = Views;
			sourceTree = "<group>";
		};
		54306C2D3B4E734C12B56B50 /* Models */ = {
			isa = PBXGroup;
			children = (
				98C1E2D341E261881D79D5F8 /* AuthState.swift */,
				98C8CF8C41E261881D79D5F8 /* SettingsSection.swift */,
			);
			name = Models;
			path = Models;
			sourceTree = "<group>";
		};
		6ED2AE268598A7460CC694C9 /* Components */ = {
			isa = PBXGroup;
			children = (
				7CC9D9A77F2E44D71FF5FFD8 /* AccountCard.swift */,
				78F0B4899120F519F2910A31 /* RefreshIntervalSlider.swift */,
				79D7EA83467C10A676111BE5 /* ShortcutRecorderRow.swift */,
				9A211A7B5E5BBFA23C56CBE7 /* CacheStatsRow.swift */,
				4D07A7812F9E213FC48CA77E /* LivePreviewCard.swift */,
			);
			name = Components;
			path = Components;
			sourceTree = "<group>";
		};
		AA00001F = {
			isa = PBXGroup;
			children = (
				AA000020 /* . */,
				AA000021 /* Products */,
				54306C2D3B4E734C12B56B50 /* Models */,
				EB996611CD7A022957A2B9FD /* Services */,
				1293AA6D585B519680DE7283 /* Views */,
			);
			sourceTree = "<group>";
		};
		AA000020 /* . */ = {
			isa = PBXGroup;
			children = (
				AA000010 /* MegaplanMenuBarApp.swift */,
				AA000011 /* AppState.swift */,
				AA000022 /* Models */,
				AA000023 /* Services */,
				AA000024 /* Utils */,
				AA000025 /* Views */,
				C2EE492B2EC3D205004AEF47 /* ViewModels */,
				AA000026 /* Resources */,
			);
			path = .;
			sourceTree = "<group>";
		};
		AA000021 /* Products */ = {
			isa = PBXGroup;
			children = (
				AA00000F /* MegaplanHepler.app */,
			);
			name = Products;
			sourceTree = "<group>";
		};
		AA000022 /* Models */ = {
			isa = PBXGroup;
			children = (
				AA000012 /* MegaplanCredentials.swift */,
				AA000013 /* MegaplanNotification.swift */,
				BB000010 /* MegaplanTask.swift */,
				BB00001D /* MegaplanComment.swift */,
			);
			path = Models;
			sourceTree = "<group>";
		};
		AA000023 /* Services */ = {
			isa = PBXGroup;
			children = (
				C2FF00012F559001001FD92E /* CertificatePinning.swift */,
				C2FF00032F559001001FD92E /* NotificationDTO.swift */,
				C2EE49222EC3D1D1004AEF47 /* ErrorRecoveryService.swift */,
				C2EE49232EC3D1D1004AEF47 /* NotificationManager.swift */,
				C262F85B2EBAA49700CDE7A0 /* NotificationParser.swift */,
				C2EE49252F100001004AEF47 /* StatusBarController.swift */,
				C262F85C2EBAA49700CDE7A0 /* UserInfoCache.swift */,
				C262F8592EBA978C00CDE7A0 /* AvatarCacheManager.swift */,
				8B2D3E4F0A1B2C3D4E5F6A7B /* DomainProbeService.swift */,
				C2AA00022EC50002004AEF47 /* AsyncSemaphore.swift */,
				AA000014 /* KeychainManager.swift */,
				AA000015 /* MegaplanAPI.swift */,
				BB000013 /* MegaplanAPI+Tasks.swift */,
				BB000011 /* TaskDTO.swift */,
				BB000012 /* MegaplanTaskFilterBuilder.swift */,
				BB00001A /* UserInfoResolver.swift */,
			);
			path = Services;
			sourceTree = "<group>";
		};
		AA000024 /* Utils */ = {
			isa = PBXGroup;
			children = (
				C2FF00052F559001001FD92E /* URLValidator.swift */,
				C2EE49262EC3D1E3004AEF47 /* NotificationGrouper.swift */,
				C281F0F32EACED2F00B88503 /* SettingsWindowManager.swift */,
				C23E0D3A2EACCBE4007DD134 /* HTMLCleaner.swift */,
				C23E0D3B2EACCBE4007DD135 /* APILogger.swift */,
				AA000016 /* Constants.swift */,
				AA000017 /* NetworkError.swift */,
				AA00002A /* StringExtensions.swift */,
				BB000019 /* DateFormatters.swift */,
				BB00001C /* Pluralization.swift */,
				BB00001E /* MarkdownCommentExporter.swift */,
			);
			path = Utils;
			sourceTree = "<group>";
		};
		AA000025 /* Views */ = {
			isa = PBXGroup;
			children = (
				C2EE49312EC3D21F004AEF47 /* Components */,
				6E501AE6E98B3FE754B561FA /* Auth */,
				AA000018 /* AuthView.swift */,
				AA000019 /* NotificationListView.swift */,
				AA00001A /* SettingsView.swift */,
				BB000015 /* RootPopoverView.swift */,
				BB000016 /* TaskListView.swift */,
			);
			path = Views;
			sourceTree = "<group>";
		};
		6E501AE6E98B3FE754B561FA /* Auth */ = {
			isa = PBXGroup;
			children = (
				E54C9560D5E52789B891F72F /* Components */,
				2E93FB5FD18A0FD82CF4EB59 /* AuthDomainStepView.swift */,
			);
			path = Auth;
			sourceTree = "<group>";
		};
		E54C9560D5E52789B891F72F /* Components */ = {
			isa = PBXGroup;
			children = (
				C6E7EDF2E5D597CCDA971023 /* InlineErrorBanner.swift */,
				97746327155942608151D4AE /* LockoutCountdownView.swift */,
				B1B1B5B1B7ED40E38ACC7619 /* WorkspaceHeaderRow.swift */,
			);
			path = Components;
			sourceTree = "<group>";
		};
		AA000026 /* Resources */ = {
			isa = PBXGroup;
			children = (
				AA000027 /* en.lproj */,
				AA000028 /* ru.lproj */,
				C25379132EAD82D4009552B4 /* Assets.xcassets */,
			);
			path = Resources;
			sourceTree = "<group>";
		};
		AA000027 /* en.lproj */ = {
			isa = PBXGroup;
			children = (
				AA00001C /* Localizable.strings */,
			);
			path = en.lproj;
			sourceTree = "<group>";
		};
		AA000028 /* ru.lproj */ = {
			isa = PBXGroup;
			children = (
				AA00001D /* Localizable.strings */,
			);
			path = ru.lproj;
			sourceTree = "<group>";
		};
		C2EE492B2EC3D205004AEF47 /* ViewModels */ = {
			isa = PBXGroup;
			children = (
				C2EE49292EC3D205004AEF47 /* NotificationListViewModel.swift */,
				BB000014 /* TaskListViewModel.swift */,
			);
			path = ViewModels;
			sourceTree = "<group>";
		};
		C2EE49312EC3D21F004AEF47 /* Components */ = {
			isa = PBXGroup;
			children = (
				C23AC9B92F0E7FCA001FD92E /* EmptyStateView.swift */,
				C23AC9BA2F0E7FCA001FD92E /* OfflineBannerView.swift */,
				C23AC9BB2F0E7FCA001FD92E /* ToastView.swift */,
				C2EE492F2EC3D21F004AEF47 /* LoadingStateView.swift */,
				C2EE49302EC3D21F004AEF47 /* SkeletonView.swift */,
				BB000017 /* PopoverHeaderView.swift */,
				BB000018 /* TaskRow.swift */,
				BB00001B /* EntityCardRow.swift */,
			);
			path = Components;
			sourceTree = "<group>";
		};
		EB996611CD7A022957A2B9FD /* Services */ = {
			isa = PBXGroup;
			children = (
				2AC0443720F33CCB46B17D99 /* SettingsSearchIndex.swift */,
				AAECE12E74838A6114288FB4 /* SettingsExporter.swift */,
				CA881FB3C88262497EC1428C /* HotkeyManager.swift */,
			);
			name = Services;
			path = Services;
			sourceTree = "<group>";
		};
		FF3D72BE03FCD638D11C0BC9 /* Settings */ = {
			isa = PBXGroup;
			children = (
				6ED2AE268598A7460CC694C9 /* Components */,
				CA55AA33EF9474EBB89A98BE /* AccountSettingsView.swift */,
				CFF14662E0A883FB2E5BAE4F /* SyncSettingsView.swift */,
				BFECD95730D4117F635F4525 /* AppearanceSettingsView.swift */,
				EA0C79DB212102A83657D543 /* NotificationsSettingsView.swift */,
				3DB06BE2CEA6060FF2C6D8C7 /* ShortcutsSettingsView.swift */,
				ABEFD3F002AF5970575EE6EB /* StorageSettingsView.swift */,
				1D9A74F26D72DF02C69A4795 /* AboutView.swift */,
			);
			name = Settings;
			path = Settings;
			sourceTree = "<group>";
		};
/* End PBXGroup section */

/* Begin PBXNativeTarget section */
		AA000099 /* MegaplanHepler */ = {
			isa = PBXNativeTarget;
			buildConfigurationList = AA0000AB /* Build configuration list for PBXNativeTarget "MegaplanHepler" */;
			buildPhases = (
				C231F4322EBE67BD005A168E /* ShellScript */,
				AA00002B /* Sources */,
				AA00001E /* Frameworks */,
				AA00002C /* Resources */,
			);
			buildRules = (
			);
			dependencies = (
			);
			name = MegaplanHepler;
			productName = MegaplanMenuBarApp;
			productReference = AA00000F /* MegaplanHepler.app */;
			productType = "com.apple.product-type.application";
		};
/* End PBXNativeTarget section */

/* Begin PBXProject section */
		AA00002D /* Project object */ = {
			isa = PBXProject;
			attributes = {
				BuildIndependentTargetsInParallel = 1;
				LastSwiftUpdateCheck = 1500;
				LastUpgradeCheck = 2600;
				TargetAttributes = {
					AA000099 = {
						CreatedOnToolsVersion = 15.0;
					};
				};
			};
			buildConfigurationList = AA00002E /* Build configuration list for PBXProject "MegaplanHepler" */;
			compatibilityVersion = "Xcode 14.0";
			developmentRegion = en;
			hasScannedForEncodings = 0;
			knownRegions = (
				en,
				ru,
			);
			mainGroup = AA00001F;
			productRefGroup = AA000021 /* Products */;
			projectDirPath = "";
			projectRoot = "";
			targets = (
				AA000099 /* MegaplanHepler */,
			);
		};
/* End PBXProject section */

/* Begin PBXResourcesBuildPhase section */
		AA00002C /* Resources */ = {
			isa = PBXResourcesBuildPhase;
			buildActionMask = 2147483647;
			files = (
				AA00000D /* Localizable.strings in Resources */,
				C25379142EAD82D4009552B4 /* Assets.xcassets in Resources */,
				AA00000E /* Localizable.strings in Resources */,
			);
			runOnlyForDeploymentPostprocessing = 0;
		};
/* End PBXResourcesBuildPhase section */

/* Begin PBXShellScriptBuildPhase section */
		C231F4322EBE67BD005A168E /* ShellScript */ = {
			isa = PBXShellScriptBuildPhase;
			buildActionMask = 2147483647;
			files = (
			);
			inputFileListPaths = (
			);
			inputPaths = (
			);
			outputFileListPaths = (
			);
			outputPaths = (
			);
			runOnlyForDeploymentPostprocessing = 0;
			shellPath = /bin/sh;
			shellScript = "# Автоматическое обновление build number\nBUILD_NUMBER=$(git rev-list --count HEAD 2>/dev/null || echo \"1\")\nif [ \"$BUILD_NUMBER\" = \"1\" ] && ! git rev-parse --git-dir > /dev/null 2>&1; then\n    BUILD_NUMBER=$(date +%s)\nfi\nPROJECT_FILE=\"${PROJECT_DIR}/${PROJECT_NAME}.xcodeproj/project.pbxproj\"\nif [ -f \"$PROJECT_FILE\" ]; then\n    if [[ \"$OSTYPE\" == \"darwin\"* ]]; then\n        sed -i '' \"s/CURRENT_PROJECT_VERSION = 6[0-9]*/CURRENT_PROJECT_VERSION = 6${BUILD_NUMBER}/g\" \"$PROJECT_FILE\" 2>/dev/null && echo \"✅ Build number updated to: ${BUILD_NUMBER}\" || echo \"⚠️  Warning: Could not update build number\"\n    else\n        sed -i \"s/CURRENT_PROJECT_VERSION = 6[0-9]*/CURRENT_PROJECT_VERSION = 6${BUILD_NUMBER}/g\" \"$PROJECT_FILE\" 2>/dev/null && echo \"✅ Build number updated to: ${BUILD_NUMBER}\" || echo \"⚠️  Warning: Could not update build number\"\n    fi\nfi\n";
			showEnvVarsInLog = 0;
		};
/* End PBXShellScriptBuildPhase section */

/* Begin PBXSourcesBuildPhase section */
		AA00002B /* Sources */ = {
			isa = PBXSourcesBuildPhase;
			buildActionMask = 2147483647;
			files = (
				C2FF00022F559001001FD92E /* CertificatePinning.swift in Sources */,
				C2FF00042F559001001FD92E /* NotificationDTO.swift in Sources */,
				C2FF00062F559001001FD92E /* URLValidator.swift in Sources */,
				AA000001 /* MegaplanMenuBarApp.swift in Sources */,
				C262F85A2EBA978C00CDE7A0 /* AvatarCacheManager.swift in Sources */,
				C2AA00012EC50001004AEF47 /* AsyncSemaphore.swift in Sources */,
				C2EE492E2EC3D205004AEF47 /* NotificationListViewModel.swift in Sources */,
				AA000002 /* AppState.swift in Sources */,
				AA000003 /* MegaplanCredentials.swift in Sources */,
				C2EE49242EC3D1D1004AEF47 /* NotificationManager.swift in Sources */,
				C2EE49252EC3D1D1004AEF47 /* ErrorRecoveryService.swift in Sources */,
				C2EE49262F100001004AEF47 /* StatusBarController.swift in Sources */,
				C281F0F42EACED2F00B88503 /* SettingsWindowManager.swift in Sources */,
				C23E0D3C2EACCBE4007DD134 /* HTMLCleaner.swift in Sources */,
				C23E0D3D2EACCBE4007DD135 /* APILogger.swift in Sources */,
				C262F85D2EBAA49700CDE7A0 /* NotificationParser.swift in Sources */,
				C262F85E2EBAA49700CDE7A0 /* UserInfoCache.swift in Sources */,
				AA000004 /* MegaplanNotification.swift in Sources */,
				AA000005 /* KeychainManager.swift in Sources */,
				AA000006 /* MegaplanAPI.swift in Sources */,
				AA000007 /* Constants.swift in Sources */,
				AA000008 /* NetworkError.swift in Sources */,
				AA000030 /* StringExtensions.swift in Sources */,
				C23AC9BC2F0E7FCA001FD92E /* EmptyStateView.swift in Sources */,
				C23AC9BD2F0E7FCA001FD92E /* ToastView.swift in Sources */,
				C23AC9BE2F0E7FCA001FD92E /* OfflineBannerView.swift in Sources */,
				AA000009 /* AuthView.swift in Sources */,
				C2EE49272EC3D1E3004AEF47 /* NotificationGrouper.swift in Sources */,
				AA00000A /* NotificationListView.swift in Sources */,
				C2EE49322EC3D21F004AEF47 /* LoadingStateView.swift in Sources */,
				C2EE49332EC3D21F004AEF47 /* SkeletonView.swift in Sources */,
				AA00000B /* SettingsView.swift in Sources */,
				BB000020 /* MegaplanTask.swift in Sources */,
				BB000021 /* TaskDTO.swift in Sources */,
				BB000022 /* MegaplanTaskFilterBuilder.swift in Sources */,
				BB000023 /* MegaplanAPI+Tasks.swift in Sources */,
				BB000024 /* TaskListViewModel.swift in Sources */,
				BB000025 /* RootPopoverView.swift in Sources */,
				BB000026 /* TaskListView.swift in Sources */,
				BB000027 /* PopoverHeaderView.swift in Sources */,
				BB000028 /* TaskRow.swift in Sources */,
				BB000029 /* DateFormatters.swift in Sources */,
				BB00002A /* UserInfoResolver.swift in Sources */,
				BB00002B /* EntityCardRow.swift in Sources */,
				BB00002C /* Pluralization.swift in Sources */,
				BB00002D /* MegaplanComment.swift in Sources */,
				BB00002E /* MarkdownCommentExporter.swift in Sources */,
				7AC1E2D30F20CBDAB3E3DE36 /* AuthState.swift in Sources */,
				7BD2E3F40A1B2C3D4E5F6A7B /* DomainProbeService.swift in Sources */,
				ADF280A8EA9B09F639692AA8 /* InlineErrorBanner.swift in Sources */,
				715C7039A3DC40F0ACB9F715 /* LockoutCountdownView.swift in Sources */,
				A82B785403C9444A8848EE4A /* WorkspaceHeaderRow.swift in Sources */,
				9A7FD628CF8837DB00BCBBFC /* AuthDomainStepView.swift in Sources */,
				7ACCEEAD0F20CBDAB3E3DE36 /* SettingsSection.swift in Sources */,
				A345707AF6425C6E2F1247DC /* SettingsSearchIndex.swift in Sources */,
				8739F1D5F3EB5E1351BD4608 /* SettingsExporter.swift in Sources */,
				208C00901227259EA1F986A4 /* HotkeyManager.swift in Sources */,
				F466E3045C84824C45D7BF1C /* AccountCard.swift in Sources */,
				B1F05B6A4F20A3DDC7F9DE4D /* RefreshIntervalSlider.swift in Sources */,
				F8B705C905DF866831133302 /* ShortcutRecorderRow.swift in Sources */,
				C2A29C67CFCA3D402F7AAD14 /* CacheStatsRow.swift in Sources */,
				BE06E01365A3E32604C66A2C /* LivePreviewCard.swift in Sources */,
				CC81A6B8FBEA5D47F5BB4B72 /* AccountSettingsView.swift in Sources */,
				A38424CB7FCA1693E6B1DD29 /* SyncSettingsView.swift in Sources */,
				0A5D8BAAE4529C8A486D5CB1 /* AppearanceSettingsView.swift in Sources */,
				89E3BB1FBD7E9BB38B68CB62 /* NotificationsSettingsView.swift in Sources */,
				2AA943BF4E8CEB647DADDCA4 /* ShortcutsSettingsView.swift in Sources */,
				8C6BE38840E49591E23A6335 /* StorageSettingsView.swift in Sources */,
				7D14680480A40D1B04E3132B /* AboutView.swift in Sources */,
			);
			runOnlyForDeploymentPostprocessing = 0;
		};
/* End PBXSourcesBuildPhase section */

/* Begin XCBuildConfiguration section */
		AA00002F /* Debug */ = {
			isa = XCBuildConfiguration;
			buildSettings = {
				ALWAYS_SEARCH_USER_PATHS = NO;
				ASSETCATALOG_COMPILER_APPICON_NAME = AppIcon;
				ASSETCATALOG_COMPILER_GLOBAL_ACCENT_COLOR_NAME = AccentColor;
				ASSETCATALOG_COMPILER_INCLUDE_ALL_APPICON_ASSETS = YES;
				BUILD_LIBRARY_FOR_DISTRIBUTION = YES;
				CLANG_ANALYZER_LOCALIZABILITY_NONLOCALIZED = YES;
				CLANG_ANALYZER_NONNULL = YES;
				CLANG_ANALYZER_NUMBER_OBJECT_CONVERSION = YES_AGGRESSIVE;
				CLANG_CXX_LANGUAGE_STANDARD = "gnu++20";
				CLANG_ENABLE_MODULES = YES;
				CLANG_ENABLE_OBJC_ARC = YES;
				CLANG_ENABLE_OBJC_WEAK = YES;
				CLANG_WARN_BLOCK_CAPTURE_AUTORELEASING = YES;
				CLANG_WARN_BOOL_CONVERSION = YES;
				CLANG_WARN_COMMA = YES;
				CLANG_WARN_CONSTANT_CONVERSION = YES;
				CLANG_WARN_DEPRECATED_OBJC_IMPLEMENTATIONS = YES;
				CLANG_WARN_DIRECT_OBJC_ISA_USAGE = YES_ERROR;
				CLANG_WARN_DOCUMENTATION_COMMENTS = YES;
				CLANG_WARN_EMPTY_BODY = YES;
				CLANG_WARN_ENUM_CONVERSION = YES;
				CLANG_WARN_INFINITE_RECURSION = YES;
				CLANG_WARN_INT_CONVERSION = YES;
				CLANG_WARN_NON_LITERAL_NULL_CONVERSION = YES;
				CLANG_WARN_OBJC_IMPLICIT_RETAIN_SELF = YES;
				CLANG_WARN_OBJC_LITERAL_CONVERSION = YES;
				CLANG_WARN_OBJC_ROOT_CLASS = YES_ERROR;
				CLANG_WARN_QUOTED_INCLUDE_IN_FRAMEWORK_HEADER = YES;
				CLANG_WARN_RANGE_LOOP_ANALYSIS = YES;
				CLANG_WARN_STRICT_PROTOTYPES = YES;
				CLANG_WARN_SUSPICIOUS_MOVE = YES;
				CLANG_WARN_UNGUARDED_AVAILABILITY = YES;
				CLANG_WARN_UNREACHABLE_CODE = YES;
				CLANG_WARN__DUPLICATE_METHOD_MATCH = YES;
				CODE_SIGN_ENTITLEMENTS = MegaplanMenuBarApp.entitlements;
				CODE_SIGN_IDENTITY = "-";
				CODE_SIGN_STYLE = Manual;
				COMBINE_HIDPI_IMAGES = YES;
				COPY_PHASE_STRIP = NO;
				CURRENT_PROJECT_VERSION = 29;
				DEAD_CODE_STRIPPING = YES;
				DEBUG_INFORMATION_FORMAT = dwarf;
				DEVELOPMENT_TEAM = "";
				ENABLE_APP_SANDBOX = YES;
				ENABLE_HARDENED_RUNTIME = YES;
				ENABLE_OUTGOING_NETWORK_CONNECTIONS = YES;
				ENABLE_PREVIEWS = YES;
				ENABLE_STRICT_OBJC_MSGSEND = YES;
				ENABLE_TESTABILITY = YES;
				ENABLE_USER_SCRIPT_SANDBOXING = YES;
				GCC_C_LANGUAGE_STANDARD = gnu17;
				GCC_DYNAMIC_NO_PIC = NO;
				GCC_NO_COMMON_BLOCKS = YES;
				GCC_OPTIMIZATION_LEVEL = 0;
				GCC_PREPROCESSOR_DEFINITIONS = (
					"DEBUG=1",
					"$(inherited)",
				);
				GCC_WARN_64_TO_32_BIT_CONVERSION = YES;
				GCC_WARN_ABOUT_RETURN_TYPE = YES_ERROR;
				GCC_WARN_UNDECLARED_SELECTOR = YES;
				GCC_WARN_UNINITIALIZED_AUTOS = YES_AGGRESSIVE;
				GCC_WARN_UNUSED_FUNCTION = YES;
				GCC_WARN_UNUSED_VARIABLE = YES;
				INFOPLIST_FILE = Info.plist;
				INFOPLIST_KEY_CFBundleDisplayName = "Megaplan Menu Bar";
				INFOPLIST_KEY_LSApplicationCategoryType = "public.app-category.utilities";
				INFOPLIST_KEY_NSHumanReadableCopyright = "";
				LD_RUNPATH_SEARCH_PATHS = (
					"$(inherited)",
					"@executable_path/../Frameworks",
				);
				LOCALIZATION_PREFERS_STRING_CATALOGS = YES;
				MACOSX_DEPLOYMENT_TARGET = 14.0;
				MARKETING_VERSION = 1.6;
				MTL_ENABLE_DEBUG_INFO = INCLUDE_SOURCE;
				MTL_FAST_MATH = YES;
				ONLY_ACTIVE_ARCH = NO;
				PRODUCT_BUNDLE_IDENTIFIER = com.ruvents.MegaplanMenuBarApp;
				PRODUCT_NAME = "$(TARGET_NAME)";
				PROVISIONING_PROFILE_SPECIFIER = "";
				SDKROOT = macosx;
				STRING_CATALOG_GENERATE_SYMBOLS = YES;
				SWIFT_ACTIVE_COMPILATION_CONDITIONS = "DEBUG $(inherited)";
				SWIFT_OPTIMIZATION_LEVEL = "-Onone";
				SWIFT_VERSION = 5.9;
			};
			name = Debug;
		};
		AA0000AA /* Release */ = {
			isa = XCBuildConfiguration;
			buildSettings = {
				ALWAYS_SEARCH_USER_PATHS = NO;
				"ARCHS[sdk=macosx*]" = (
					arm64,
					x86_64,
				);
				ASSETCATALOG_COMPILER_APPICON_NAME = AppIcon;
				ASSETCATALOG_COMPILER_GLOBAL_ACCENT_COLOR_NAME = AccentColor;
				ASSETCATALOG_COMPILER_INCLUDE_ALL_APPICON_ASSETS = YES;
				BUILD_LIBRARY_FOR_DISTRIBUTION = YES;
				CLANG_ANALYZER_LOCALIZABILITY_NONLOCALIZED = YES;
				CLANG_ANALYZER_NONNULL = YES;
				CLANG_ANALYZER_NUMBER_OBJECT_CONVERSION = YES_AGGRESSIVE;
				CLANG_CXX_LANGUAGE_STANDARD = "gnu++20";
				CLANG_ENABLE_MODULES = YES;
				CLANG_ENABLE_OBJC_ARC = YES;
				CLANG_ENABLE_OBJC_WEAK = YES;
				CLANG_WARN_BLOCK_CAPTURE_AUTORELEASING = YES;
				CLANG_WARN_BOOL_CONVERSION = YES;
				CLANG_WARN_COMMA = YES;
				CLANG_WARN_CONSTANT_CONVERSION = YES;
				CLANG_WARN_DEPRECATED_OBJC_IMPLEMENTATIONS = YES;
				CLANG_WARN_DIRECT_OBJC_ISA_USAGE = YES_ERROR;
				CLANG_WARN_DOCUMENTATION_COMMENTS = YES;
				CLANG_WARN_EMPTY_BODY = YES;
				CLANG_WARN_ENUM_CONVERSION = YES;
				CLANG_WARN_INFINITE_RECURSION = YES;
				CLANG_WARN_INT_CONVERSION = YES;
				CLANG_WARN_NON_LITERAL_NULL_CONVERSION = YES;
				CLANG_WARN_OBJC_IMPLICIT_RETAIN_SELF = YES;
				CLANG_WARN_OBJC_LITERAL_CONVERSION = YES;
				CLANG_WARN_OBJC_ROOT_CLASS = YES_ERROR;
				CLANG_WARN_QUOTED_INCLUDE_IN_FRAMEWORK_HEADER = YES;
				CLANG_WARN_RANGE_LOOP_ANALYSIS = YES;
				CLANG_WARN_STRICT_PROTOTYPES = YES;
				CLANG_WARN_SUSPICIOUS_MOVE = YES;
				CLANG_WARN_UNGUARDED_AVAILABILITY = YES;
				CLANG_WARN_UNREACHABLE_CODE = YES;
				CLANG_WARN__DUPLICATE_METHOD_MATCH = YES;
				CODE_SIGN_ENTITLEMENTS = MegaplanMenuBarApp.entitlements;
				CODE_SIGN_STYLE = Automatic;
				COMBINE_HIDPI_IMAGES = YES;
				COPY_PHASE_STRIP = NO;
				CURRENT_PROJECT_VERSION = 29;
				DEAD_CODE_STRIPPING = YES;
				DEBUG_INFORMATION_FORMAT = "dwarf-with-dsym";
				DEVELOPMENT_TEAM = 4C524G83X7;
				ENABLE_APP_SANDBOX = YES;
				ENABLE_HARDENED_RUNTIME = YES;
				ENABLE_NS_ASSERTIONS = NO;
				ENABLE_OUTGOING_NETWORK_CONNECTIONS = YES;
				ENABLE_PREVIEWS = YES;
				ENABLE_STRICT_OBJC_MSGSEND = YES;
				ENABLE_USER_SCRIPT_SANDBOXING = YES;
				GCC_C_LANGUAGE_STANDARD = gnu17;
				GCC_NO_COMMON_BLOCKS = YES;
				GCC_WARN_64_TO_32_BIT_CONVERSION = YES;
				GCC_WARN_ABOUT_RETURN_TYPE = YES_ERROR;
				GCC_WARN_UNDECLARED_SELECTOR = YES;
				GCC_WARN_UNINITIALIZED_AUTOS = YES_AGGRESSIVE;
				GCC_WARN_UNUSED_FUNCTION = YES;
				GCC_WARN_UNUSED_VARIABLE = YES;
				INFOPLIST_FILE = Info.plist;
				INFOPLIST_KEY_CFBundleDisplayName = "Megaplan Menu Bar";
				INFOPLIST_KEY_LSApplicationCategoryType = "public.app-category.utilities";
				INFOPLIST_KEY_NSHumanReadableCopyright = "";
				LD_RUNPATH_SEARCH_PATHS = (
					"$(inherited)",
					"@executable_path/../Frameworks",
				);
				LOCALIZATION_PREFERS_STRING_CATALOGS = YES;
				MACOSX_DEPLOYMENT_TARGET = 14.0;
				MARKETING_VERSION = 1.6;
				MTL_ENABLE_DEBUG_INFO = NO;
				MTL_FAST_MATH = YES;
				PRODUCT_BUNDLE_IDENTIFIER = com.ruvents.MegaplanMenuBarApp;
				PRODUCT_NAME = "$(TARGET_NAME)";
				SDKROOT = macosx;
				STRING_CATALOG_GENERATE_SYMBOLS = YES;
				SWIFT_COMPILATION_MODE = wholemodule;
				SWIFT_OPTIMIZATION_LEVEL = "-O";
				SWIFT_VERSION = 5.9;
			};
			name = Release;
		};
/* End XCBuildConfiguration section */

/* Begin XCConfigurationList section */
		AA00002E /* Build configuration list for PBXProject "MegaplanHepler" */ = {
			isa = XCConfigurationList;
			buildConfigurations = (
				AA00002F /* Debug */,
				AA0000AA /* Release */,
			);
			defaultConfigurationIsVisible = 0;
			defaultConfigurationName = Release;
		};
		AA0000AB /* Build configuration list for PBXNativeTarget "MegaplanHepler" */ = {
			isa = XCConfigurationList;
			buildConfigurations = (
				AA00002F /* Debug */,
				AA0000AA /* Release */,
			);
			defaultConfigurationIsVisible = 0;
			defaultConfigurationName = Release;
		};
/* End XCConfigurationList section */
	};
	rootObject = AA00002D /* Project object */;
}
